// !$*UTF8*$!
{
	archiveVersion = 1;
	classes = {
	};
	objectVersion = 50;
	objects = {

/* Begin PBXBuildFile section */
		306DC4AB23B6521200A5B988 /* TodoListElement.swift in Sources */ = {isa = PBXBuildFile; fileRef = 306DC4AA23B6521200A5B988 /* TodoListElement.swift */; };
		306DC4B023B688BA00A5B988 /* anchorExtension.swift in Sources */ = {isa = PBXBuildFile; fileRef = 306DC4AF23B688BA00A5B988 /* anchorExtension.swift */; };
		30898C5423B53845000EDBDF /* AppDelegate.swift in Sources */ = {isa = PBXBuildFile; fileRef = 30898C5323B53845000EDBDF /* AppDelegate.swift */; };
		30898C5623B53845000EDBDF /* SceneDelegate.swift in Sources */ = {isa = PBXBuildFile; fileRef = 30898C5523B53845000EDBDF /* SceneDelegate.swift */; };
		30898C5823B53845000EDBDF /* ViewController.swift in Sources */ = {isa = PBXBuildFile; fileRef = 30898C5723B53845000EDBDF /* ViewController.swift */; };
		30898C5E23B53845000EDBDF /* Todoey_App.xcdatamodeld in Sources */ = {isa = PBXBuildFile; fileRef = 30898C5C23B53845000EDBDF /* Todoey_App.xcdatamodeld */; };
		30898C6023B53846000EDBDF /* Assets.xcassets in Resources */ = {isa = PBXBuildFile; fileRef = 30898C5F23B53846000EDBDF /* Assets.xcassets */; };
		30898C6323B53846000EDBDF /* LaunchScreen.storyboard in Resources */ = {isa = PBXBuildFile; fileRef = 30898C6123B53846000EDBDF /* LaunchScreen.storyboard */; };
		30898C6D23B636D2000EDBDF /* ToDoListCell.swift in Sources */ = {isa = PBXBuildFile; fileRef = 30898C6C23B636D2000EDBDF /* ToDoListCell.swift */; };
		3099B82823B711F100CABEC3 /* NewItemPopUp.swift in Sources */ = {isa = PBXBuildFile; fileRef = 3099B82723B711F100CABEC3 /* NewItemPopUp.swift */; };
		30C2F2B423B9B2A9007EED88 /* TableView Extensions.swift in Sources */ = {isa = PBXBuildFile; fileRef = 30C2F2B323B9B2A9007EED88 /* TableView Extensions.swift */; };
		30C2F2B623B9B333007EED88 /* Main Page Layout Extension.swift in Sources */ = {isa = PBXBuildFile; fileRef = 30C2F2B523B9B333007EED88 /* Main Page Layout Extension.swift */; };
		30C2F2B823B9B3A5007EED88 /* Keyboard Extension.swift in Sources */ = {isa = PBXBuildFile; fileRef = 30C2F2B723B9B3A5007EED88 /* Keyboard Extension.swift */; };
		30C2F2BB23BAED16007EED88 /* TodoListElement+CoreDataClass.swift in Sources */ = {isa = PBXBuildFile; fileRef = 30C2F2B923BAED16007EED88 /* TodoListElement+CoreDataClass.swift */; };
		30C2F2BC23BAED16007EED88 /* TodoListElement+CoreDataProperties.swift in Sources */ = {isa = PBXBuildFile; fileRef = 30C2F2BA23BAED16007EED88 /* TodoListElement+CoreDataProperties.swift */; };
		30C2F2BE23BAEE5E007EED88 /* PersistenceManager.swift in Sources */ = {isa = PBXBuildFile; fileRef = 30C2F2BD23BAEE5E007EED88 /* PersistenceManager.swift */; };
/* End PBXBuildFile section */

/* Begin PBXFileReference section */
		306DC4AA23B6521200A5B988 /* TodoListElement.swift */ = {isa = PBXFileReference; lastKnownFileType = sourcecode.swift; path = TodoListElement.swift; sourceTree = "<group>"; };
		306DC4AF23B688BA00A5B988 /* anchorExtension.swift */ = {isa = PBXFileReference; lastKnownFileType = sourcecode.swift; path = anchorExtension.swift; sourceTree = "<group>"; };
		30898C5023B53844000EDBDF /* Todoey App.app */ = {isa = PBXFileReference; explicitFileType = wrapper.application; includeInIndex = 0; path = "Todoey App.app"; sourceTree = BUILT_PRODUCTS_DIR; };
		30898C5323B53845000EDBDF /* AppDelegate.swift */ = {isa = PBXFileReference; lastKnownFileType = sourcecode.swift; path = AppDelegate.swift; sourceTree = "<group>"; };
		30898C5523B53845000EDBDF /* SceneDelegate.swift */ = {isa = PBXFileReference; lastKnownFileType = sourcecode.swift; path = SceneDelegate.swift; sourceTree = "<group>"; };
		30898C5723B53845000EDBDF /* ViewController.swift */ = {isa = PBXFileReference; lastKnownFileType = sourcecode.swift; path = ViewController.swift; sourceTree = "<group>"; };
		30898C5D23B53845000EDBDF /* Todoey_App.xcdatamodel */ = {isa = PBXFileReference; lastKnownFileType = wrapper.xcdatamodel; path = Todoey_App.xcdatamodel; sourceTree = "<group>"; };
		30898C5F23B53846000EDBDF /* Assets.xcassets */ = {isa = PBXFileReference; lastKnownFileType = folder.assetcatalog; path = Assets.xcassets; sourceTree = "<group>"; };
		30898C6223B53846000EDBDF /* Base */ = {isa = PBXFileReference; lastKnownFileType = file.storyboard; name = Base; path = Base.lproj/LaunchScreen.storyboard; sourceTree = "<group>"; };
		30898C6423B53846000EDBDF /* Info.plist */ = {isa = PBXFileReference; lastKnownFileType = text.plist.xml; path = Info.plist; sourceTree = "<group>"; };
		30898C6C23B636D2000EDBDF /* ToDoListCell.swift */ = {isa = PBXFileReference; lastKnownFileType = sourcecode.swift; path = ToDoListCell.swift; sourceTree = "<group>"; };
		3099B82723B711F100CABEC3 /* NewItemPopUp.swift */ = {isa = PBXFileReference; lastKnownFileType = sourcecode.swift; path = NewItemPopUp.swift; sourceTree = "<group>"; };
		30C2F2B323B9B2A9007EED88 /* TableView Extensions.swift */ = {isa = PBXFileReference; lastKnownFileType = sourcecode.swift; path = "TableView Extensions.swift"; sourceTree = "<group>"; };
		30C2F2B523B9B333007EED88 /* Main Page Layout Extension.swift */ = {isa = PBXFileReference; lastKnownFileType = sourcecode.swift; path = "Main Page Layout Extension.swift"; sourceTree = "<group>"; };
		30C2F2B723B9B3A5007EED88 /* Keyboard Extension.swift */ = {isa = PBXFileReference; lastKnownFileType = sourcecode.swift; path = "Keyboard Extension.swift"; sourceTree = "<group>"; };
		30C2F2B923BAED16007EED88 /* TodoListElement+CoreDataClass.swift */ = {isa = PBXFileReference; lastKnownFileType = sourcecode.swift; path = "TodoListElement+CoreDataClass.swift"; sourceTree = "<group>"; };
		30C2F2BA23BAED16007EED88 /* TodoListElement+CoreDataProperties.swift */ = {isa = PBXFileReference; lastKnownFileType = sourcecode.swift; path = "TodoListElement+CoreDataProperties.swift"; sourceTree = "<group>"; };
		30C2F2BD23BAEE5E007EED88 /* PersistenceManager.swift */ = {isa = PBXFileReference; lastKnownFileType = sourcecode.swift; path = PersistenceManager.swift; sourceTree = "<group>"; };
/* End PBXFileReference section */

/* Begin PBXFrameworksBuildPhase section */
		30898C4D23B53844000EDBDF /* Frameworks */ = {
			isa = PBXFrameworksBuildPhase;
			buildActionMask = 2147483647;
			files = (
			);
			runOnlyForDeploymentPostprocessing = 0;
		};
/* End PBXFrameworksBuildPhase section */

/* Begin PBXGroup section */
		306DC4A923B651E500A5B988 /* Model */ = {
			isa = PBXGroup;
			children = (
				306DC4AA23B6521200A5B988 /* TodoListElement.swift */,
			);
			path = Model;
			sourceTree = "<group>";
		};
		306DC4AC23B6754600A5B988 /* View */ = {
			isa = PBXGroup;
			children = (
				30898C6C23B636D2000EDBDF /* ToDoListCell.swift */,
				3099B82723B711F100CABEC3 /* NewItemPopUp.swift */,
			);
			path = View;
			sourceTree = "<group>";
		};
		306DC4AD23B6755B00A5B988 /* Extensions */ = {
			isa = PBXGroup;
			children = (
				306DC4AF23B688BA00A5B988 /* anchorExtension.swift */,
				30C2F2B323B9B2A9007EED88 /* TableView Extensions.swift */,
				30C2F2B523B9B333007EED88 /* Main Page Layout Extension.swift */,
				30C2F2B723B9B3A5007EED88 /* Keyboard Extension.swift */,
			);
			path = Extensions;
			sourceTree = "<group>";
		};
		306DC4AE23B6756E00A5B988 /* Controller */ = {
			isa = PBXGroup;
			children = (
				30898C5723B53845000EDBDF /* ViewController.swift */,
			);
			path = Controller;
			sourceTree = "<group>";
		};
		30898C4723B53844000EDBDF = {
			isa = PBXGroup;
			children = (
				30898C5223B53844000EDBDF /* Todoey App */,
				30898C5123B53844000EDBDF /* Products */,
			);
			sourceTree = "<group>";
		};
		30898C5123B53844000EDBDF /* Products */ = {
			isa = PBXGroup;
			children = (
				30898C5023B53844000EDBDF /* Todoey App.app */,
			);
			name = Products;
			sourceTree = "<group>";
		};
		30898C5223B53844000EDBDF /* Todoey App */ = {
			isa = PBXGroup;
			children = (
				30C2F2B923BAED16007EED88 /* TodoListElement+CoreDataClass.swift */,
				30C2F2BA23BAED16007EED88 /* TodoListElement+CoreDataProperties.swift */,
				30898C5323B53845000EDBDF /* AppDelegate.swift */,
				30898C5523B53845000EDBDF /* SceneDelegate.swift */,
				306DC4AD23B6755B00A5B988 /* Extensions */,
				306DC4A923B651E500A5B988 /* Model */,
				306DC4AC23B6754600A5B988 /* View */,
				306DC4AE23B6756E00A5B988 /* Controller */,
				30898C5F23B53846000EDBDF /* Assets.xcassets */,
				30898C6123B53846000EDBDF /* LaunchScreen.storyboard */,
				30898C6423B53846000EDBDF /* Info.plist */,
				30898C5C23B53845000EDBDF /* Todoey_App.xcdatamodeld */,
				30C2F2BD23BAEE5E007EED88 /* PersistenceManager.swift */,
			);
			path = "Todoey App";
			sourceTree = "<group>";
		};
/* End PBXGroup section */

/* Begin PBXNativeTarget section */
		30898C4F23B53844000EDBDF /* Todoey App */ = {
			isa = PBXNativeTarget;
			buildConfigurationList = 30898C6723B53846000EDBDF /* Build configuration list for PBXNativeTarget "Todoey App" */;
			buildPhases = (
				30898C4C23B53844000EDBDF /* Sources */,
				30898C4D23B53844000EDBDF /* Frameworks */,
				30898C4E23B53844000EDBDF /* Resources */,
			);
			buildRules = (
			);
			dependencies = (
			);
			name = "Todoey App";
			productName = "Todoey App";
			productReference = 30898C5023B53844000EDBDF /* Todoey App.app */;
			productType = "com.apple.product-type.application";
		};
/* End PBXNativeTarget section */

/* Begin PBXProject section */
		30898C4823B53844000EDBDF /* Project object */ = {
			isa = PBXProject;
			attributes = {
				LastSwiftUpdateCheck = 1120;
				LastUpgradeCheck = 1120;
				ORGANIZATIONNAME = "Tobi Adejumo";
				TargetAttributes = {
					30898C4F23B53844000EDBDF = {
						CreatedOnToolsVersion = 11.2;
					};
				};
			};
			buildConfigurationList = 30898C4B23B53844000EDBDF /* Build configuration list for PBXProject "Todoey App" */;
			compatibilityVersion = "Xcode 9.3";
			developmentRegion = en;
			hasScannedForEncodings = 0;
			knownRegions = (
				en,
				Base,
			);
			mainGroup = 30898C4723B53844000EDBDF;
			productRefGroup = 30898C5123B53844000EDBDF /* Products */;
			projectDirPath = "";
			projectRoot = "";
			targets = (
				30898C4F23B53844000EDBDF /* Todoey App */,
			);
		};
/* End PBXProject section */

/* Begin PBXResourcesBuildPhase section */
		30898C4E23B53844000EDBDF /* Resources */ = {
			isa = PBXResourcesBuildPhase;
			buildActionMask = 2147483647;
			files = (
				30898C6323B53846000EDBDF /* LaunchScreen.storyboard in Resources */,
				30898C6023B53846000EDBDF /* Assets.xcassets in Resources */,
			);
			runOnlyForDeploymentPostprocessing = 0;
		};
/* End PBXResourcesBuildPhase section */

/* Begin PBXSourcesBuildPhase section */
		30898C4C23B53844000EDBDF /* Sources */ = {
			isa = PBXSourcesBuildPhase;
			buildActionMask = 2147483647;
			files = (
				306DC4B023B688BA00A5B988 /* anchorExtension.swift in Sources */,
				30C2F2BE23BAEE5E007EED88 /* PersistenceManager.swift in Sources */,
				30898C5823B53845000EDBDF /* ViewController.swift in Sources */,
				30C2F2BB23BAED16007EED88 /* TodoListElement+CoreDataClass.swift in Sources */,
				30C2F2B623B9B333007EED88 /* Main Page Layout Extension.swift in Sources */,
				30898C5423B53845000EDBDF /* AppDelegate.swift in Sources */,
				306DC4AB23B6521200A5B988 /* TodoListElement.swift in Sources */,
				30898C5623B53845000EDBDF /* SceneDelegate.swift in Sources */,
				3099B82823B711F100CABEC3 /* NewItemPopUp.swift in Sources */,
				30C2F2B823B9B3A5007EED88 /* Keyboard Extension.swift in Sources */,
				30C2F2B423B9B2A9007EED88 /* TableView Extensions.swift in Sources */,
				30898C5E23B53845000EDBDF /* Todoey_App.xcdatamodeld in Sources */,
				30898C6D23B636D2000EDBDF /* ToDoListCell.swift in Sources */,
				30C2F2BC23BAED16007EED88 /* TodoListElement+CoreDataProperties.swift in Sources */,
			);
			runOnlyForDeploymentPostprocessing = 0;
		};
/* End PBXSourcesBuildPhase section */

/* Begin PBXVariantGroup section */
		30898C6123B53846000EDBDF /* LaunchScreen.storyboard */ = {
			isa = PBXVariantGroup;
			children = (
				30898C6223B53846000EDBDF /* Base */,
			);
			name = LaunchScreen.storyboard;
			sourceTree = "<group>";
		};
/* End PBXVariantGroup section */

/* Begin XCBuildConfiguration section */
		30898C6523B53846000EDBDF /* Debug */ = {
			isa = XCBuildConfiguration;
			buildSettings = {
				ALWAYS_SEARCH_USER_PATHS = NO;
				CLANG_ANALYZER_NONNULL = YES;
				CLANG_ANALYZER_NUMBER_OBJECT_CONVERSION = YES_AGGRESSIVE;
				CLANG_CXX_LANGUAGE_STANDARD = "gnu++14";
				CLANG_CXX_LIBRARY = "libc++";
				CLANG_ENABLE_MODULES = YES;
				CLANG_ENABLE_OBJC_ARC = YES;
				CLANG_ENABLE_OBJC_WEAK = YES;
				CLANG_WARN_BLOCK_CAPTURE_AUTORELEASING = YES;
				CLANG_WARN_BOOL_CONVERSION = YES;
				CLANG_WARN_COMMA = YES;
				CLANG_WARN_CONSTANT_CONVERSION = YES;
				CLANG_WARN_DEPRECATED_OBJC_IMPLEMENTATIONS = YES;
				CLANG_WARN_DIRECT_OBJC_ISA_USAGE = YES_ERROR;
				CLANG_WARN_DOCUMENTATION_COMMENTS = YES;
				CLANG_WARN_EMPTY_BODY = YES;
				CLANG_WARN_ENUM_CONVERSION = YES;
				CLANG_WARN_INFINITE_RECURSION = YES;
				CLANG_WARN_INT_CONVERSION = YES;
				CLANG_WARN_NON_LITERAL_NULL_CONVERSION = YES;
				CLANG_WARN_OBJC_IMPLICIT_RETAIN_SELF = YES;
				CLANG_WARN_OBJC_LITERAL_CONVERSION = YES;
				CLANG_WARN_OBJC_ROOT_CLASS = YES_ERROR;
				CLANG_WARN_RANGE_LOOP_ANALYSIS = YES;
				CLANG_WARN_STRICT_PROTOTYPES = YES;
				CLANG_WARN_SUSPICIOUS_MOVE = YES;
				CLANG_WARN_UNGUARDED_AVAILABILITY = YES_AGGRESSIVE;
				CLANG_WARN_UNREACHABLE_CODE = YES;
				CLANG_WARN__DUPLICATE_METHOD_MATCH = YES;
				COPY_PHASE_STRIP = NO;
				DEBUG_INFORMATION_FORMAT = dwarf;
				ENABLE_STRICT_OBJC_MSGSEND = YES;
				ENABLE_TESTABILITY = YES;
				GCC_C_LANGUAGE_STANDARD = gnu11;
				GCC_DYNAMIC_NO_PIC = NO;
				GCC_NO_COMMON_BLOCKS = YES;
				GCC_OPTIMIZATION_LEVEL = 0;
				GCC_PREPROCESSOR_DEFINITIONS = (
					"DEBUG=1",
					"$(inherited)",
				);
				GCC_WARN_64_TO_32_BIT_CONVERSION = YES;
				GCC_WARN_ABOUT_RETURN_TYPE = YES_ERROR;
				GCC_WARN_UNDECLARED_SELECTOR = YES;
				GCC_WARN_UNINITIALIZED_AUTOS = YES_AGGRESSIVE;
				GCC_WARN_UNUSED_FUNCTION = YES;
				GCC_WARN_UNUSED_VARIABLE = YES;
				IPHONEOS_DEPLOYMENT_TARGET = 13.2;
				MTL_ENABLE_DEBUG_INFO = INCLUDE_SOURCE;
				MTL_FAST_MATH = YES;
				ONLY_ACTIVE_ARCH = YES;
				SDKROOT = iphoneos;
				SWIFT_ACTIVE_COMPILATION_CONDITIONS = DEBUG;
				SWIFT_OPTIMIZATION_LEVEL = "-Onone";
			};
			name = Debug;
		};
		30898C6623B53846000EDBDF /* Release */ = {
			isa = XCBuildConfiguration;
			buildSettings = {
				ALWAYS_SEARCH_USER_PATHS = NO;
				CLANG_ANALYZER_NONNULL = YES;
				CLANG_ANALYZER_NUMBER_OBJECT_CONVERSION = YES_AGGRESSIVE;
				CLANG_CXX_LANGUAGE_STANDARD = "gnu++14";
				CLANG_CXX_LIBRARY = "libc++";
				CLANG_ENABLE_MODULES = YES;
				CLANG_ENABLE_OBJC_ARC = YES;
				CLANG_ENABLE_OBJC_WEAK = YES;
				CLANG_WARN_BLOCK_CAPTURE_AUTORELEASING = YES;
				CLANG_WARN_BOOL_CONVERSION = YES;
				CLANG_WARN_COMMA = YES;
				CLANG_WARN_CONSTANT_CONVERSION = YES;
				CLANG_WARN_DEPRECATED_OBJC_IMPLEMENTATIONS = YES;
				CLANG_WARN_DIRECT_OBJC_ISA_USAGE = YES_ERROR;
				CLANG_WARN_DOCUMENTATION_COMMENTS = YES;
				CLANG_WARN_EMPTY_BODY = YES;
				CLANG_WARN_ENUM_CONVERSION = YES;
				CLANG_WARN_INFINITE_RECURSION = YES;
				CLANG_WARN_INT_CONVERSION = YES;
				CLANG_WARN_NON_LITERAL_NULL_CONVERSION = YES;
				CLANG_WARN_OBJC_IMPLICIT_RETAIN_SELF = YES;
				CLANG_WARN_OBJC_LITERAL_CONVERSION = YES;
				CLANG_WARN_OBJC_ROOT_CLASS = YES_ERROR;
				CLANG_WARN_RANGE_LOOP_ANALYSIS = YES;
				CLANG_WARN_STRICT_PROTOTYPES = YES;
				CLANG_WARN_SUSPICIOUS_MOVE = YES;
				CLANG_WARN_UNGUARDED_AVAILABILITY = YES_AGGRESSIVE;
				CLANG_WARN_UNREACHABLE_CODE = YES;
				CLANG_WARN__DUPLICATE_METHOD_MATCH = YES;
				COPY_PHASE_STRIP = NO;
				DEBUG_INFORMATION_FORMAT = "dwarf-with-dsym";
				ENABLE_NS_ASSERTIONS = NO;
				ENABLE_STRICT_OBJC_MSGSEND = YES;
				GCC_C_LANGUAGE_STANDARD = gnu11;
				GCC_NO_COMMON_BLOCKS = YES;
				GCC_WARN_64_TO_32_BIT_CONVERSION = YES;
				GCC_WARN_ABOUT_RETURN_TYPE = YES_ERROR;
				GCC_WARN_UNDECLARED_SELECTOR = YES;
				GCC_WARN_UNINITIALIZED_AUTOS = YES_AGGRESSIVE;
				GCC_WARN_UNUSED_FUNCTION = YES;
				GCC_WARN_UNUSED_VARIABLE = YES;
				IPHONEOS_DEPLOYMENT_TARGET = 13.2;
				MTL_ENABLE_DEBUG_INFO = NO;
				MTL_FAST_MATH = YES;
				SDKROOT = iphoneos;
				SWIFT_COMPILATION_MODE = wholemodule;
				SWIFT_OPTIMIZATION_LEVEL = "-O";
				VALIDATE_PRODUCT = YES;
			};
			name = Release;
		};
		30898C6823B53846000EDBDF /* Debug */ = {
			isa = XCBuildConfiguration;
			buildSettings = {
				ASSETCATALOG_COMPILER_APPICON_NAME = AppIcon;
				CODE_SIGN_STYLE = Automatic;
				INFOPLIST_FILE = "Todoey App/Info.plist";
				LD_RUNPATH_SEARCH_PATHS = (
					"$(inherited)",
					"@executable_path/Frameworks",
				);
				PRODUCT_BUNDLE_IDENTIFIER = "com.TobiAdejumo.Todoey-App";
				PRODUCT_NAME = "$(TARGET_NAME)";
				SWIFT_VERSION = 5.0;
				TARGETED_DEVICE_FAMILY = "1,2";
			};
			name = Debug;
		};
		30898C6923B53846000EDBDF /* Release */ = {
			isa = XCBuildConfiguration;
			buildSettings = {
				ASSETCATALOG_COMPILER_APPICON_NAME = AppIcon;
				CODE_SIGN_STYLE = Automatic;
				INFOPLIST_FILE = "Todoey App/Info.plist";
				LD_RUNPATH_SEARCH_PATHS = (
					"$(inherited)",
					"@executable_path/Frameworks",
				);
				PRODUCT_BUNDLE_IDENTIFIER = "com.TobiAdejumo.Todoey-App";
				PRODUCT_NAME = "$(TARGET_NAME)";
				SWIFT_VERSION = 5.0;
				TARGETED_DEVICE_FAMILY = "1,2";
			};
			name = Release;
		};
/* End XCBuildConfiguration section */

/* Begin XCConfigurationList section */
		30898C4B23B53844000EDBDF /* Build configuration list for PBXProject "Todoey App" */ = {
			isa = XCConfigurationList;
			buildConfigurations = (
				30898C6523B53846000EDBDF /* Debug */,
				30898C6623B53846000EDBDF /* Release */,
			);
			defaultConfigurationIsVisible = 0;
			defaultConfigurationName = Release;
		};
		30898C6723B53846000EDBDF /* Build configuration list for PBXNativeTarget "Todoey App" */ = {
			isa = XCConfigurationList;
			buildConfigurations = (
				30898C6823B53846000EDBDF /* Debug */,
				30898C6923B53846000EDBDF /* Release */,
			);
			defaultConfigurationIsVisible = 0;
			defaultConfigurationName = Release;
		};
/* End XCConfigurationList section */

/* Begin XCVersionGroup section */
		30898C5C23B53845000EDBDF /* Todoey_App.xcdatamodeld */ = {
			isa = XCVersionGroup;
			children = (
				30898C5D23B53845000EDBDF /* Todoey_App.xcdatamodel */,
			);
			currentVersion = 30898C5D23B53845000EDBDF /* Todoey_App.xcdatamodel */;
			path = Todoey_App.xcdatamodeld;
			sourceTree = "<group>";
			versionGroupType = wrapper.xcdatamodel;
		};
/* End XCVersionGroup section */
	};
	rootObject = 30898C4823B53844000EDBDF /* Project object */;
}
